
Microsoft Visual Studio Solution File, Format Version 12.00
# Visual Studio Version 16
VisualStudioVersion = 16.0.31129.286
MinimumVisualStudioVersion = 10.0.40219.1
Project("{FAE04EC0-301F-11D3-BF4B-00C04F79EFBC}") = "RocketShips.Lib", "RocketShips.Lib\RocketShips.Lib.csproj", "{139B2E00-006E-4AFC-B57E-9E4B05BA2CED}"
EndProject
Project("{FAE04EC0-301F-11D3-BF4B-00C04F79EFBC}") = "RocketShips.Tests", "RocketShips.Tests\RocketShips.Tests.csproj", "{95268A8B-1656-4789-9BFC-513DD06165FC}"
EndProject
Global
	GlobalSection(SolutionConfigurationPlatforms) = preSolution
		Debug|Any CPU = Debug|Any CPU
		Release|Any CPU = Release|Any CPU
	EndGlobalSection
	GlobalSection(ProjectConfigurationPlatforms) = postSolution
		{139B2E00-006E-4AFC-B57E-9E4B05BA2CED}.Debug|Any CPU.ActiveCfg = Debug|Any CPU
		{139B2E00-006E-4AFC-B57E-9E4B05BA2CED}.Debug|Any CPU.Build.0 = Debug|Any CPU
		{139B2E00-006E-4AFC-B57E-9E4B05BA2CED}.Release|Any CPU.ActiveCfg = Release|Any CPU
		{139B2E00-006E-4AFC-B57E-9E4B05BA2CED}.Release|Any CPU.Build.0 = Release|Any CPU
		{95268A8B-1656-4789-9BFC-513DD06165FC}.Debug|Any CPU.ActiveCfg = Debug|Any CPU
		{95268A8B-1656-4789-9BFC-513DD06165FC}.Debug|Any CPU.Build.0 = Debug|Any CPU
		{95268A8B-1656-4789-9BFC-513DD06165FC}.Release|Any CPU.ActiveCfg = Release|Any CPU
		{95268A8B-1656-4789-9BFC-513DD06165FC}.Release|Any CPU.Build.0 = Release|Any CPU
	EndGlobalSection
	GlobalSection(SolutionProperties) = preSolution
		HideSolutionNode = FALSE
	EndGlobalSection
	GlobalSection(ExtensibilityGlobals) = postSolution
		SolutionGuid = {8D5FFE7A-5D7A-4F0A-B6AD-9B76BDA64D2F}
	EndGlobalSection
EndGlobal
